
Microsoft Visual Studio Solution File, Format Version 12.00
# Visual Studio Version 16
VisualStudioVersion = 16.0.31205.134
MinimumVisualStudioVersion = 10.0.40219.1
Project("{9A19103F-16F7-4668-BE54-9A1E7A4F7556}") = "BorgLink", "BorgLink\BorgLink.csproj", "{DF91BB36-B6C9-4DAF-8A70-CDACC90528E8}"
EndProject
Project("{00D1A9C2-B5F0-4AF3-8072-F6C62B433612}") = "BorgsDb", "BorgsDb\BorgsDb.sqlproj", "{F10E75B5-8E8A-4A65-AD15-5C5BB9C4BFEB}"
EndProject
Global
	GlobalSection(SolutionConfigurationPlatforms) = preSolution
		Debug|Any CPU = Debug|Any CPU
		Release|Any CPU = Release|Any CPU
	EndGlobalSection
	GlobalSection(ProjectConfigurationPlatforms) = postSolution
		{DF91BB36-B6C9-4DAF-8A70-CDACC90528E8}.Debug|Any CPU.ActiveCfg = Debug|Any CPU
		{DF91BB36-B6C9-4DAF-8A70-CDACC90528E8}.Debug|Any CPU.Build.0 = Debug|Any CPU
		{DF91BB36-B6C9-4DAF-8A70-CDACC90528E8}.Release|Any CPU.ActiveCfg = Release|Any CPU
		{DF91BB36-B6C9-4DAF-8A70-CDACC90528E8}.Release|Any CPU.Build.0 = Release|Any CPU
		{F10E75B5-8E8A-4A65-AD15-5C5BB9C4BFEB}.Debug|Any CPU.ActiveCfg = Debug|Any CPU
		{F10E75B5-8E8A-4A65-AD15-5C5BB9C4BFEB}.Debug|Any CPU.Build.0 = Debug|Any CPU
		{F10E75B5-8E8A-4A65-AD15-5C5BB9C4BFEB}.Debug|Any CPU.Deploy.0 = Debug|Any CPU
		{F10E75B5-8E8A-4A65-AD15-5C5BB9C4BFEB}.Release|Any CPU.ActiveCfg = Release|Any CPU
		{F10E75B5-8E8A-4A65-AD15-5C5BB9C4BFEB}.Release|Any CPU.Build.0 = Release|Any CPU
		{F10E75B5-8E8A-4A65-AD15-5C5BB9C4BFEB}.Release|Any CPU.Deploy.0 = Release|Any CPU
	EndGlobalSection
	GlobalSection(SolutionProperties) = preSolution
		HideSolutionNode = FALSE
	EndGlobalSection
	GlobalSection(ExtensibilityGlobals) = postSolution
		SolutionGuid = {9A78B538-3F41-4716-9F80-8799BCF9D48E}
	EndGlobalSection
EndGlobal
